<?xml version="1.0" encoding="utf-8"?>
<Project ToolsVersion="4.0" xmlns="http://schemas.microsoft.com/developer/msbuild/2003">
  <ItemGroup>
    <Filter Include="Source Files">
      <UniqueIdentifier>{4FC737F1-C7A5-4376-A066-2A32D752A2FF}</UniqueIdentifier>
      <Extensions>cpp;c;cc;cxx;def;odl;idl;hpj;bat;asm;asmx</Extensions>
    </Filter>
    <Filter Include="Header Files">
      <UniqueIdentifier>{93995380-89BD-4b04-88EB-625FBE52EBFB}</UniqueIdentifier>
      <Extensions>h;hh;hpp;hxx;hm;inl;inc;xsd</Extensions>
    </Filter>
    <Filter Include="Resource Files">
      <UniqueIdentifier>{67DA6AB6-F800-4c08-8B7A-83BB121AAD01}</UniqueIdentifier>
      <Extensions>rc;ico;cur;bmp;dlg;rc2;rct;bin;rgs;gif;jpg;jpeg;jpe;resx;tiff;tif;png;wav;mfcribbon-ms</Extensions>
    </Filter>
  </ItemGroup>
  <ItemGroup>
    <ClCompile Include="Source.cpp">
      <Filter>Source Files</Filter>
    </ClCompile>
    <ClCompile Include="..\..\ComplexNetworks\ComplexNetworks\_bc.cc">
      <Filter>Source Files</Filter>
    </ClCompile>
    <ClCompile Include="Graph2.cpp">
      <Filter>Source Files</Filter>
    </ClCompile>
    <ClCompile Include="Dijkstra.cpp">
      <Filter>Source Files</Filter>
    </ClCompile>
    <ClCompile Include="adaptive-betweenness-centrality.cpp">
      <Filter>Source Files</Filter>
    </ClCompile>
    <ClCompile Include="Clust.cpp">
      <Filter>Source Files</Filter>
    </ClCompile>
    <ClCompile Include="Immunization.cpp">
      <Filter>Source Files</Filter>
    </ClCompile>
    <ClCompile Include="NBR.cpp">
      <Filter>Source Files</Filter>
    </ClCompile>
    <ClCompile Include="RAND1.cc">
      <Filter>Source Files</Filter>
    </ClCompile>
    <ClCompile Include="KADABRA\Graph3.cpp">
      <Filter>Source Files</Filter>
    </ClCompile>
    <ClCompile Include="KADABRA\Probabilistic.cpp">
      <Filter>Source Files</Filter>
    </ClCompile>
    <ClCompile Include="KADABRA\Rand_gen.cpp">
      <Filter>Source Files</Filter>
    </ClCompile>
    <ClCompile Include="KADABRA\Ranking_list.cpp">
      <Filter>Source Files</Filter>
    </ClCompile>
    <ClCompile Include="KADABRA\Sp_sampler.cpp">
      <Filter>Source Files</Filter>
    </ClCompile>
    <ClCompile Include="KADABRA\utilities.cpp">
      <Filter>Source Files</Filter>
    </ClCompile>
    <ClCompile Include="graph\Graph.cpp">
      <Filter>Source Files</Filter>
    </ClCompile>
    <ClCompile Include="graph\GraphBuilder.cpp">
      <Filter>Source Files</Filter>
    </ClCompile>
    <ClCompile Include="graph\GraphOrig.cpp">
      <Filter>Source Files</Filter>
    </ClCompile>
    <ClCompile Include="graph\GraphTools.cpp">
      <Filter>Source Files</Filter>
    </ClCompile>
    <ClCompile Include="graph\KruskalMSF.cpp">
      <Filter>Source Files</Filter>
    </ClCompile>
    <ClCompile Include="graph\RandomMaximumSpanningForest.cpp">
      <Filter>Source Files</Filter>
    </ClCompile>
    <ClCompile Include="graph\RandomSpanningForest.cpp">
      <Filter>Source Files</Filter>
    </ClCompile>
    <ClCompile Include="graph\Sampling.cpp">
      <Filter>Source Files</Filter>
    </ClCompile>
    <ClCompile Include="graph\SpanningForest.cpp">
      <Filter>Source Files</Filter>
    </ClCompile>
    <ClCompile Include="graph\UnionMaximumSpanningForest.cpp">
      <Filter>Source Files</Filter>
    </ClCompile>
  </ItemGroup>
  <ItemGroup>
    <ClInclude Include="Clust.h">
      <Filter>Header Files</Filter>
    </ClInclude>
    <ClInclude Include="Graph2.h">
      <Filter>Header Files</Filter>
    </ClInclude>
    <ClInclude Include="adaptive-betweenness-centrality.h">
      <Filter>Header Files</Filter>
    </ClInclude>
    <ClInclude Include="bc.h">
      <Filter>Header Files</Filter>
    </ClInclude>
    <ClInclude Include="Dijkstra.h">
      <Filter>Header Files</Filter>
    </ClInclude>
    <ClInclude Include="Globals.h">
      <Filter>Header Files</Filter>
    </ClInclude>
    <ClInclude Include="graph_t.h">
      <Filter>Header Files</Filter>
    </ClInclude>
    <ClInclude Include="Immunization.h">
      <Filter>Header Files</Filter>
    </ClInclude>
    <ClInclude Include="IndexedItem.h">
      <Filter>Header Files</Filter>
    </ClInclude>
    <ClInclude Include="iter_info_t.h">
      <Filter>Header Files</Filter>
    </ClInclude>
    <ClInclude Include="MinHeapDijkstra.h">
      <Filter>Header Files</Filter>
    </ClInclude>
    <ClInclude Include="NBR.h">
      <Filter>Header Files</Filter>
    </ClInclude>
    <ClInclude Include="types.h">
      <Filter>Header Files</Filter>
    </ClInclude>
    <ClInclude Include="utility.h">
      <Filter>Header Files</Filter>
    </ClInclude>
    <ClInclude Include="KADABRA\Graph3.h">
      <Filter>Header Files</Filter>
    </ClInclude>
    <ClInclude Include="KADABRA\Probabilistic.h">
      <Filter>Header Files</Filter>
    </ClInclude>
    <ClInclude Include="KADABRA\Rand_gen.h">
      <Filter>Header Files</Filter>
    </ClInclude>
    <ClInclude Include="KADABRA\Ranking_list.h">
      <Filter>Header Files</Filter>
    </ClInclude>
    <ClInclude Include="KADABRA\Sp_sampler.h">
      <Filter>Header Files</Filter>
    </ClInclude>
    <ClInclude Include="KADABRA\utilities.h">
      <Filter>Header Files</Filter>
    </ClInclude>
    <ClInclude Include="graph\Coordinates.h">
      <Filter>Header Files</Filter>
    </ClInclude>
    <ClInclude Include="graph\Graph.h">
      <Filter>Header Files</Filter>
    </ClInclude>
    <ClInclude Include="graph\GraphBuilder.h">
      <Filter>Header Files</Filter>
    </ClInclude>
    <ClInclude Include="graph\GraphOrig.h">
      <Filter>Header Files</Filter>
    </ClInclude>
    <ClInclude Include="graph\GraphTools.h">
      <Filter>Header Files</Filter>
    </ClInclude>
    <ClInclude Include="graph\KruskalMSF.h">
      <Filter>Header Files</Filter>
    </ClInclude>
    <ClInclude Include="graph\RandomMaximumSpanningForest.h">
      <Filter>Header Files</Filter>
    </ClInclude>
    <ClInclude Include="graph\RandomSpanningForest.h">
      <Filter>Header Files</Filter>
    </ClInclude>
    <ClInclude Include="graph\Sampling.h">
      <Filter>Header Files</Filter>
    </ClInclude>
    <ClInclude Include="graph\SpanningForest.h">
      <Filter>Header Files</Filter>
    </ClInclude>
    <ClInclude Include="graph\UnionMaximumSpanningForest.h">
      <Filter>Header Files</Filter>
    </ClInclude>
    <ClInclude Include="ext\ttmath\ttmath.h">
      <Filter>Header Files</Filter>
    </ClInclude>
    <ClInclude Include="ext\ttmath\ttmathbig.h">
      <Filter>Header Files</Filter>
    </ClInclude>
    <ClInclude Include="ext\ttmath\ttmathdec.h">
      <Filter>Header Files</Filter>
    </ClInclude>
    <ClInclude Include="ext\ttmath\ttmathint.h">
      <Filter>Header Files</Filter>
    </ClInclude>
    <ClInclude Include="ext\ttmath\ttmathmisc.h">
      <Filter>Header Files</Filter>
    </ClInclude>
    <ClInclude Include="ext\ttmath\ttmathobjects.h">
      <Filter>Header Files</Filter>
    </ClInclude>
    <ClInclude Include="ext\ttmath\ttmathparser.h">
      <Filter>Header Files</Filter>
    </ClInclude>
    <ClInclude Include="ext\ttmath\ttmaththreads.h">
      <Filter>Header Files</Filter>
    </ClInclude>
    <ClInclude Include="ext\ttmath\ttmathtypes.h">
      <Filter>Header Files</Filter>
    </ClInclude>
    <ClInclude Include="ext\ttmath\ttmathuint.h">
      <Filter>Header Files</Filter>
    </ClInclude>
    <ClInclude Include="ext\ttmath\ttmathuint_noasm.h">
      <Filter>Header Files</Filter>
    </ClInclude>
    <ClInclude Include="ext\ttmath\ttmathuint_x86.h">
      <Filter>Header Files</Filter>
    </ClInclude>
    <ClInclude Include="ext\ttmath\ttmathuint_x86_64.h">
      <Filter>Header Files</Filter>
    </ClInclude>
    <ClInclude Include="ext\optionparser.h">
      <Filter>Header Files</Filter>
    </ClInclude>
  </ItemGroup>
  <ItemGroup>
    <None Include="karate.graph" />
    <None Include="ext\ttmath\ttmathuint_x86_64_msvc.asm">
      <Filter>Source Files</Filter>
    </None>
  </ItemGroup>
  <ItemGroup>
    <Object Include="ext\ttmath\ttmathuint_x86_64_msvc.obj" />
  </ItemGroup>
</Project>