<?xml version="1.0" encoding="utf-8"?>
<Project ToolsVersion="4.0" xmlns="http://schemas.microsoft.com/developer/msbuild/2003">
  <ItemGroup>
    <Filter Include="Source Files">
      <UniqueIdentifier>{4FC737F1-C7A5-4376-A066-2A32D752A2FF}</UniqueIdentifier>
      <Extensions>cpp;c;cc;cxx;def;odl;idl;hpj;bat;asm;asmx</Extensions>
    </Filter>
    <Filter Include="Header Files">
      <UniqueIdentifier>{93995380-89BD-4b04-88EB-625FBE52EBFB}</UniqueIdentifier>
      <Extensions>h;hh;hpp;hxx;hm;inl;inc;xsd</Extensions>
    </Filter>
    <Filter Include="Resource Files">
      <UniqueIdentifier>{67DA6AB6-F800-4c08-8B7A-83BB121AAD01}</UniqueIdentifier>
      <Extensions>rc;ico;cur;bmp;dlg;rc2;rct;bin;rgs;gif;jpg;jpeg;jpe;resx;tiff;tif;png;wav;mfcribbon-ms</Extensions>
    </Filter>
  </ItemGroup>
  <ItemGroup>
    <ClCompile Include="Source.cpp">
      <Filter>Source Files</Filter>
    </ClCompile>
    <ClCompile Include="..\..\ComplexNetworks\ComplexNetworks\_bc.cc">
      <Filter>Source Files</Filter>
    </ClCompile>
    <ClCompile Include="Graph2.cpp">
      <Filter>Source Files</Filter>
    </ClCompile>
    <ClCompile Include="Dijkstra.cpp">
      <Filter>Source Files</Filter>
    </ClCompile>
    <ClCompile Include="_bc.cc">
      <Filter>Source Files</Filter>
    </ClCompile>
    <ClCompile Include="adaptive-betweenness-centrality.cpp">
      <Filter>Source Files</Filter>
    </ClCompile>
    <ClCompile Include="Clust.cpp">
      <Filter>Source Files</Filter>
    </ClCompile>
    <ClCompile Include="Immunization.cpp">
      <Filter>Source Files</Filter>
    </ClCompile>
    <ClCompile Include="NBR.cpp">
      <Filter>Source Files</Filter>
    </ClCompile>
    <ClCompile Include="RAND1.cc">
      <Filter>Source Files</Filter>
    </ClCompile>
    <ClCompile Include="abra\ApproxBetweennessRade.cpp">
      <Filter>Source Files</Filter>
    </ClCompile>
    <ClCompile Include="abra\RadeAux.cpp">
      <Filter>Source Files</Filter>
    </ClCompile>
    <ClCompile Include="algebraic\CSRMatrix.cpp">
      <Filter>Source Files</Filter>
    </ClCompile>
    <ClCompile Include="algebraic\DenseMatrix.cpp">
      <Filter>Source Files</Filter>
    </ClCompile>
    <ClCompile Include="algebraic\DynamicMatrix.cpp">
      <Filter>Source Files</Filter>
    </ClCompile>
    <ClCompile Include="algebraic\Vector.cpp">
      <Filter>Source Files</Filter>
    </ClCompile>
    <ClCompile Include="auxiliary\BloomFilter.cpp">
      <Filter>Source Files</Filter>
    </ClCompile>
    <ClCompile Include="auxiliary\BucketPQ.cpp">
      <Filter>Source Files</Filter>
    </ClCompile>
    <ClCompile Include="auxiliary\Log.cpp">
      <Filter>Source Files</Filter>
    </ClCompile>
    <ClCompile Include="auxiliary\NumericTools.cpp">
      <Filter>Source Files</Filter>
    </ClCompile>
    <ClCompile Include="auxiliary\Parallelism.cpp">
      <Filter>Source Files</Filter>
    </ClCompile>
    <ClCompile Include="auxiliary\PrioQueueForInts.cpp">
      <Filter>Source Files</Filter>
    </ClCompile>
    <ClCompile Include="auxiliary\Random.cpp">
      <Filter>Source Files</Filter>
    </ClCompile>
    <ClCompile Include="auxiliary\SignalHandling.cpp">
      <Filter>Source Files</Filter>
    </ClCompile>
    <ClCompile Include="auxiliary\Timer.cpp">
      <Filter>Source Files</Filter>
    </ClCompile>
    <ClCompile Include="base\Algorithm.cpp">
      <Filter>Source Files</Filter>
    </ClCompile>
    <ClCompile Include="centrality\ApproxBetweenness.cpp">
      <Filter>Source Files</Filter>
    </ClCompile>
    <ClCompile Include="centrality\ApproxCloseness.cpp">
      <Filter>Source Files</Filter>
    </ClCompile>
    <ClCompile Include="centrality\Betweenness.cpp">
      <Filter>Source Files</Filter>
    </ClCompile>
    <ClCompile Include="centrality\Centrality.cpp">
      <Filter>Source Files</Filter>
    </ClCompile>
    <ClCompile Include="centrality\Closeness.cpp">
      <Filter>Source Files</Filter>
    </ClCompile>
    <ClCompile Include="centrality\CoreDecomposition.cpp">
      <Filter>Source Files</Filter>
    </ClCompile>
    <ClCompile Include="centrality\DegreeCentrality.cpp">
      <Filter>Source Files</Filter>
    </ClCompile>
    <ClCompile Include="centrality\DynApproxBetweenness.cpp">
      <Filter>Source Files</Filter>
    </ClCompile>
    <ClCompile Include="centrality\DynBetweenness.cpp">
      <Filter>Source Files</Filter>
    </ClCompile>
    <ClCompile Include="centrality\EigenvectorCentrality.cpp">
      <Filter>Source Files</Filter>
    </ClCompile>
    <ClCompile Include="centrality\EstimateBetweenness.cpp">
      <Filter>Source Files</Filter>
    </ClCompile>
    <ClCompile Include="centrality\KatzCentrality.cpp">
      <Filter>Source Files</Filter>
    </ClCompile>
    <ClCompile Include="centrality\KPathCentrality.cpp">
      <Filter>Source Files</Filter>
    </ClCompile>
    <ClCompile Include="centrality\LocalClusteringCoefficient.cpp">
      <Filter>Source Files</Filter>
    </ClCompile>
    <ClCompile Include="centrality\LocalPartitionCoverage.cpp">
      <Filter>Source Files</Filter>
    </ClCompile>
    <ClCompile Include="centrality\PageRank.cpp">
      <Filter>Source Files</Filter>
    </ClCompile>
    <ClCompile Include="centrality\PermanenceCentrality.cpp">
      <Filter>Source Files</Filter>
    </ClCompile>
    <ClCompile Include="centrality\Sfigality.cpp">
      <Filter>Source Files</Filter>
    </ClCompile>
    <ClCompile Include="centrality\SpanningEdgeCentrality.cpp">
      <Filter>Source Files</Filter>
    </ClCompile>
    <ClCompile Include="centrality\TopCloseness.cpp">
      <Filter>Source Files</Filter>
    </ClCompile>
    <ClCompile Include="clique\MaxClique.cpp">
      <Filter>Source Files</Filter>
    </ClCompile>
    <ClCompile Include="clique\MaximalCliques.cpp">
      <Filter>Source Files</Filter>
    </ClCompile>
    <ClCompile Include="coarsening\ClusteringProjector.cpp">
      <Filter>Source Files</Filter>
    </ClCompile>
    <ClCompile Include="coarsening\GraphCoarsening.cpp">
      <Filter>Source Files</Filter>
    </ClCompile>
    <ClCompile Include="coarsening\MatchingCoarsening.cpp">
      <Filter>Source Files</Filter>
    </ClCompile>
    <ClCompile Include="coarsening\ParallelPartitionCoarsening.cpp">
      <Filter>Source Files</Filter>
    </ClCompile>
    <ClCompile Include="community\AdjustedRandMeasure.cpp">
      <Filter>Source Files</Filter>
    </ClCompile>
    <ClCompile Include="community\ClusteringGenerator.cpp">
      <Filter>Source Files</Filter>
    </ClCompile>
    <ClCompile Include="community\CommunityDetectionAlgorithm.cpp">
      <Filter>Source Files</Filter>
    </ClCompile>
    <ClCompile Include="community\Conductance.cpp">
      <Filter>Source Files</Filter>
    </ClCompile>
    <ClCompile Include="community\Coverage.cpp">
      <Filter>Source Files</Filter>
    </ClCompile>
    <ClCompile Include="community\CoverHubDominance.cpp">
      <Filter>Source Files</Filter>
    </ClCompile>
    <ClCompile Include="community\CutClustering.cpp">
      <Filter>Source Files</Filter>
    </ClCompile>
    <ClCompile Include="community\DissimilarityMeasure.cpp">
      <Filter>Source Files</Filter>
    </ClCompile>
    <ClCompile Include="community\DynamicNMIDistance.cpp">
      <Filter>Source Files</Filter>
    </ClCompile>
    <ClCompile Include="community\EdgeCut.cpp">
      <Filter>Source Files</Filter>
    </ClCompile>
    <ClCompile Include="community\GraphClusteringTools.cpp">
      <Filter>Source Files</Filter>
    </ClCompile>
    <ClCompile Include="community\GraphStructuralRandMeasure.cpp">
      <Filter>Source Files</Filter>
    </ClCompile>
    <ClCompile Include="community\HubDominance.cpp">
      <Filter>Source Files</Filter>
    </ClCompile>
    <ClCompile Include="community\IntrapartitionDensity.cpp">
      <Filter>Source Files</Filter>
    </ClCompile>
    <ClCompile Include="community\IsolatedInterpartitionConductance.cpp">
      <Filter>Source Files</Filter>
    </ClCompile>
    <ClCompile Include="community\IsolatedInterpartitionExpansion.cpp">
      <Filter>Source Files</Filter>
    </ClCompile>
    <ClCompile Include="community\JaccardMeasure.cpp">
      <Filter>Source Files</Filter>
    </ClCompile>
    <ClCompile Include="community\LocalCoverEvaluation.cpp">
      <Filter>Source Files</Filter>
    </ClCompile>
    <ClCompile Include="community\LocalPartitionEvaluation.cpp">
      <Filter>Source Files</Filter>
    </ClCompile>
    <ClCompile Include="community\LPDegreeOrdered.cpp">
      <Filter>Source Files</Filter>
    </ClCompile>
    <ClCompile Include="community\Modularity.cpp">
      <Filter>Source Files</Filter>
    </ClCompile>
    <ClCompile Include="community\NMIDistance.cpp">
      <Filter>Source Files</Filter>
    </ClCompile>
    <ClCompile Include="community\NodeStructuralRandMeasure.cpp">
      <Filter>Source Files</Filter>
    </ClCompile>
    <ClCompile Include="community\ParallelAgglomerativeClusterer.cpp">
      <Filter>Source Files</Filter>
    </ClCompile>
    <ClCompile Include="community\PartitionFragmentation.cpp">
      <Filter>Source Files</Filter>
    </ClCompile>
    <ClCompile Include="community\PartitionHubDominance.cpp">
      <Filter>Source Files</Filter>
    </ClCompile>
    <ClCompile Include="community\PartitionIntersection.cpp">
      <Filter>Source Files</Filter>
    </ClCompile>
    <ClCompile Include="community\PLM.cpp">
      <Filter>Source Files</Filter>
    </ClCompile>
    <ClCompile Include="community\PLP.cpp">
      <Filter>Source Files</Filter>
    </ClCompile>
    <ClCompile Include="community\QualityMeasure.cpp">
      <Filter>Source Files</Filter>
    </ClCompile>
    <ClCompile Include="community\SampledGraphStructuralRandMeasure.cpp">
      <Filter>Source Files</Filter>
    </ClCompile>
    <ClCompile Include="community\SampledNodeStructuralRandMeasure.cpp">
      <Filter>Source Files</Filter>
    </ClCompile>
    <ClCompile Include="community\StablePartitionNodes.cpp">
      <Filter>Source Files</Filter>
    </ClCompile>
    <ClCompile Include="components\ConnectedComponents.cpp">
      <Filter>Source Files</Filter>
    </ClCompile>
    <ClCompile Include="components\ParallelConnectedComponents.cpp">
      <Filter>Source Files</Filter>
    </ClCompile>
    <ClCompile Include="components\StronglyConnectedComponents.cpp">
      <Filter>Source Files</Filter>
    </ClCompile>
    <ClCompile Include="correlation\Assortativity.cpp">
      <Filter>Source Files</Filter>
    </ClCompile>
    <ClCompile Include="distance\AdamicAdarDistance.cpp">
      <Filter>Source Files</Filter>
    </ClCompile>
    <ClCompile Include="distance\AlgebraicDistance.cpp">
      <Filter>Source Files</Filter>
    </ClCompile>
    <ClCompile Include="distance\APSP.cpp">
      <Filter>Source Files</Filter>
    </ClCompile>
    <ClCompile Include="distance\BFS.cpp">
      <Filter>Source Files</Filter>
    </ClCompile>
    <ClCompile Include="distance\CommuteTimeDistance.cpp">
      <Filter>Source Files</Filter>
    </ClCompile>
    <ClCompile Include="distance\Diameter.cpp">
      <Filter>Source Files</Filter>
    </ClCompile>
    <ClCompile Include="distance\Dijkstra.cpp">
      <Filter>Source Files</Filter>
    </ClCompile>
    <ClCompile Include="distance\DynAPSP.cpp">
      <Filter>Source Files</Filter>
    </ClCompile>
    <ClCompile Include="distance\DynBFS.cpp">
      <Filter>Source Files</Filter>
    </ClCompile>
    <ClCompile Include="distance\DynDijkstra.cpp">
      <Filter>Source Files</Filter>
    </ClCompile>
    <ClCompile Include="distance\DynSSSP.cpp">
      <Filter>Source Files</Filter>
    </ClCompile>
    <ClCompile Include="distance\Eccentricity.cpp">
      <Filter>Source Files</Filter>
    </ClCompile>
    <ClCompile Include="distance\EffectiveDiameter.cpp">
      <Filter>Source Files</Filter>
    </ClCompile>
    <ClCompile Include="distance\EffectiveDiameterApproximation.cpp">
      <Filter>Source Files</Filter>
    </ClCompile>
    <ClCompile Include="distance\GraphDistance.cpp">
      <Filter>Source Files</Filter>
    </ClCompile>
    <ClCompile Include="distance\HopPlotApproximation.cpp">
      <Filter>Source Files</Filter>
    </ClCompile>
    <ClCompile Include="distance\IncompleteDijkstra.cpp">
      <Filter>Source Files</Filter>
    </ClCompile>
    <ClCompile Include="distance\JaccardDistance.cpp">
      <Filter>Source Files</Filter>
    </ClCompile>
    <ClCompile Include="distance\NeighborhoodFunction.cpp">
      <Filter>Source Files</Filter>
    </ClCompile>
    <ClCompile Include="distance\NeighborhoodFunctionApproximation.cpp">
      <Filter>Source Files</Filter>
    </ClCompile>
    <ClCompile Include="distance\NeighborhoodFunctionHeuristic.cpp">
      <Filter>Source Files</Filter>
    </ClCompile>
    <ClCompile Include="distance\NodeDistance.cpp">
      <Filter>Source Files</Filter>
    </ClCompile>
    <ClCompile Include="distance\SSSP.cpp">
      <Filter>Source Files</Filter>
    </ClCompile>
    <ClCompile Include="dynamics\DGSStreamParser.cpp">
      <Filter>Source Files</Filter>
    </ClCompile>
    <ClCompile Include="dynamics\DGSWriter.cpp">
      <Filter>Source Files</Filter>
    </ClCompile>
    <ClCompile Include="dynamics\GraphEvent.cpp">
      <Filter>Source Files</Filter>
    </ClCompile>
    <ClCompile Include="dynamics\GraphEventHandler.cpp">
      <Filter>Source Files</Filter>
    </ClCompile>
    <ClCompile Include="dynamics\GraphEventProxy.cpp">
      <Filter>Source Files</Filter>
    </ClCompile>
    <ClCompile Include="dynamics\GraphUpdater.cpp">
      <Filter>Source Files</Filter>
    </ClCompile>
    <ClCompile Include="edgescores\ChibaNishizekiQuadrangleEdgeScore.cpp">
      <Filter>Source Files</Filter>
    </ClCompile>
    <ClCompile Include="edgescores\ChibaNishizekiTriangleEdgeScore.cpp">
      <Filter>Source Files</Filter>
    </ClCompile>
    <ClCompile Include="edgescores\EdgeScore.cpp">
      <Filter>Source Files</Filter>
    </ClCompile>
    <ClCompile Include="edgescores\EdgeScoreAsWeight.cpp">
      <Filter>Source Files</Filter>
    </ClCompile>
    <ClCompile Include="edgescores\EdgeScoreBlender.cpp">
      <Filter>Source Files</Filter>
    </ClCompile>
    <ClCompile Include="edgescores\EdgeScoreLinearizer.cpp">
      <Filter>Source Files</Filter>
    </ClCompile>
    <ClCompile Include="edgescores\EdgeScoreNormalizer.cpp">
      <Filter>Source Files</Filter>
    </ClCompile>
    <ClCompile Include="edgescores\GeometricMeanScore.cpp">
      <Filter>Source Files</Filter>
    </ClCompile>
    <ClCompile Include="edgescores\PrefixJaccardScore.cpp">
      <Filter>Source Files</Filter>
    </ClCompile>
    <ClCompile Include="edgescores\TriangleEdgeScore.cpp">
      <Filter>Source Files</Filter>
    </ClCompile>
    <ClCompile Include="flow\EdmondsKarp.cpp">
      <Filter>Source Files</Filter>
    </ClCompile>
    <ClCompile Include="generators\quadtree\test\QuadTreeGTest.cpp">
      <Filter>Source Files</Filter>
    </ClCompile>
    <ClCompile Include="generators\BarabasiAlbertGenerator.cpp">
      <Filter>Source Files</Filter>
    </ClCompile>
    <ClCompile Include="generators\ChungLuGenerator.cpp">
      <Filter>Source Files</Filter>
    </ClCompile>
    <ClCompile Include="generators\ClusteredRandomGraphGenerator.cpp">
      <Filter>Source Files</Filter>
    </ClCompile>
    <ClCompile Include="generators\DorogovtsevMendesGenerator.cpp">
      <Filter>Source Files</Filter>
    </ClCompile>
    <ClCompile Include="generators\DynamicBarabasiAlbertGenerator.cpp">
      <Filter>Source Files</Filter>
    </ClCompile>
    <ClCompile Include="generators\DynamicDGSParser.cpp">
      <Filter>Source Files</Filter>
    </ClCompile>
    <ClCompile Include="generators\DynamicDorogovtsevMendesGenerator.cpp">
      <Filter>Source Files</Filter>
    </ClCompile>
    <ClCompile Include="generators\DynamicForestFireGenerator.cpp">
      <Filter>Source Files</Filter>
    </ClCompile>
    <ClCompile Include="generators\DynamicGraphGenerator.cpp">
      <Filter>Source Files</Filter>
    </ClCompile>
    <ClCompile Include="generators\DynamicGraphSource.cpp">
      <Filter>Source Files</Filter>
    </ClCompile>
    <ClCompile Include="generators\DynamicHyperbolicGenerator.cpp">
      <Filter>Source Files</Filter>
    </ClCompile>
    <ClCompile Include="generators\DynamicPathGenerator.cpp">
      <Filter>Source Files</Filter>
    </ClCompile>
    <ClCompile Include="generators\DynamicPubWebGenerator.cpp">
      <Filter>Source Files</Filter>
    </ClCompile>
    <ClCompile Include="generators\EdgeSwitchingMarkovChainGenerator.cpp">
      <Filter>Source Files</Filter>
    </ClCompile>
    <ClCompile Include="generators\ErdosRenyiGenerator.cpp">
      <Filter>Source Files</Filter>
    </ClCompile>
    <ClCompile Include="generators\HavelHakimiGenerator.cpp">
      <Filter>Source Files</Filter>
    </ClCompile>
    <ClCompile Include="generators\HyperbolicGenerator.cpp">
      <Filter>Source Files</Filter>
    </ClCompile>
    <ClCompile Include="generators\LFRGenerator.cpp">
      <Filter>Source Files</Filter>
    </ClCompile>
    <ClCompile Include="generators\PowerlawDegreeSequence.cpp">
      <Filter>Source Files</Filter>
    </ClCompile>
    <ClCompile Include="generators\PubWebGenerator.cpp">
      <Filter>Source Files</Filter>
    </ClCompile>
    <ClCompile Include="generators\RegularRingLatticeGenerator.cpp">
      <Filter>Source Files</Filter>
    </ClCompile>
    <ClCompile Include="generators\RmatGenerator.cpp">
      <Filter>Source Files</Filter>
    </ClCompile>
    <ClCompile Include="generators\StaticDegreeSequenceGenerator.cpp">
      <Filter>Source Files</Filter>
    </ClCompile>
    <ClCompile Include="generators\StaticGraphGenerator.cpp">
      <Filter>Source Files</Filter>
    </ClCompile>
    <ClCompile Include="generators\StochasticBlockmodel.cpp">
      <Filter>Source Files</Filter>
    </ClCompile>
    <ClCompile Include="generators\WattsStrogatzGenerator.cpp">
      <Filter>Source Files</Filter>
    </ClCompile>
    <ClCompile Include="geometric\HyperbolicSpace.cpp">
      <Filter>Source Files</Filter>
    </ClCompile>
    <ClCompile Include="global\ClusteringCoefficient.cpp">
      <Filter>Source Files</Filter>
    </ClCompile>
    <ClCompile Include="global\GlobalClusteringCoefficient.cpp">
      <Filter>Source Files</Filter>
    </ClCompile>
    <ClCompile Include="graph\Graph.cpp">
      <Filter>Source Files</Filter>
    </ClCompile>
    <ClCompile Include="graph\GraphBuilder.cpp">
      <Filter>Source Files</Filter>
    </ClCompile>
    <ClCompile Include="graph\GraphOrig.cpp">
      <Filter>Source Files</Filter>
    </ClCompile>
    <ClCompile Include="graph\GraphTools.cpp">
      <Filter>Source Files</Filter>
    </ClCompile>
    <ClCompile Include="graph\KruskalMSF.cpp">
      <Filter>Source Files</Filter>
    </ClCompile>
    <ClCompile Include="graph\RandomMaximumSpanningForest.cpp">
      <Filter>Source Files</Filter>
    </ClCompile>
    <ClCompile Include="graph\RandomSpanningForest.cpp">
      <Filter>Source Files</Filter>
    </ClCompile>
    <ClCompile Include="graph\Sampling.cpp">
      <Filter>Source Files</Filter>
    </ClCompile>
    <ClCompile Include="graph\SpanningForest.cpp">
      <Filter>Source Files</Filter>
    </ClCompile>
    <ClCompile Include="graph\UnionMaximumSpanningForest.cpp">
      <Filter>Source Files</Filter>
    </ClCompile>
    <ClCompile Include="independentset\IndependentSetFinder.cpp">
      <Filter>Source Files</Filter>
    </ClCompile>
    <ClCompile Include="independentset\Luby.cpp">
      <Filter>Source Files</Filter>
    </ClCompile>
    <ClCompile Include="io\CoverReader.cpp">
      <Filter>Source Files</Filter>
    </ClCompile>
    <ClCompile Include="io\CoverWriter.cpp">
      <Filter>Source Files</Filter>
    </ClCompile>
    <ClCompile Include="io\DGSReader.cpp">
      <Filter>Source Files</Filter>
    </ClCompile>
    <ClCompile Include="io\DibapGraphReader.cpp">
      <Filter>Source Files</Filter>
    </ClCompile>
    <ClCompile Include="io\DotGraphWriter.cpp">
      <Filter>Source Files</Filter>
    </ClCompile>
    <ClCompile Include="io\DotPartitionWriter.cpp">
      <Filter>Source Files</Filter>
    </ClCompile>
    <ClCompile Include="io\DynamicGraphReader.cpp">
      <Filter>Source Files</Filter>
    </ClCompile>
    <ClCompile Include="io\EdgeListCoverReader.cpp">
      <Filter>Source Files</Filter>
    </ClCompile>
    <ClCompile Include="io\EdgeListPartitionReader.cpp">
      <Filter>Source Files</Filter>
    </ClCompile>
    <ClCompile Include="io\EdgeListReader.cpp">
      <Filter>Source Files</Filter>
    </ClCompile>
    <ClCompile Include="io\EdgeListWriter.cpp">
      <Filter>Source Files</Filter>
    </ClCompile>
    <ClCompile Include="io\GMLGraphReader.cpp">
      <Filter>Source Files</Filter>
    </ClCompile>
    <ClCompile Include="io\GMLGraphWriter.cpp">
      <Filter>Source Files</Filter>
    </ClCompile>
    <ClCompile Include="io\GraphIO.cpp">
      <Filter>Source Files</Filter>
    </ClCompile>
    <ClCompile Include="io\GraphToolBinaryReader.cpp">
      <Filter>Source Files</Filter>
    </ClCompile>
    <ClCompile Include="io\GraphToolBinaryWriter.cpp">
      <Filter>Source Files</Filter>
    </ClCompile>
    <ClCompile Include="io\KONECTGraphReader.cpp">
      <Filter>Source Files</Filter>
    </ClCompile>
    <ClCompile Include="io\LineFileReader.cpp">
      <Filter>Source Files</Filter>
    </ClCompile>
    <ClCompile Include="io\MatrixMarketReader.cpp">
      <Filter>Source Files</Filter>
    </ClCompile>
    <ClCompile Include="io\METISGraphReader.cpp">
      <Filter>Source Files</Filter>
    </ClCompile>
    <ClCompile Include="io\METISGraphWriter.cpp">
      <Filter>Source Files</Filter>
    </ClCompile>
    <ClCompile Include="io\METISParser.cpp">
      <Filter>Source Files</Filter>
    </ClCompile>
    <ClCompile Include="io\PartitionReader.cpp">
      <Filter>Source Files</Filter>
    </ClCompile>
    <ClCompile Include="io\PartitionWriter.cpp">
      <Filter>Source Files</Filter>
    </ClCompile>
    <ClCompile Include="io\RasterReader.cpp">
      <Filter>Source Files</Filter>
    </ClCompile>
    <ClCompile Include="io\SNAPEdgeListPartitionReader.cpp">
      <Filter>Source Files</Filter>
    </ClCompile>
    <ClCompile Include="io\SNAPGraphReader.cpp">
      <Filter>Source Files</Filter>
    </ClCompile>
    <ClCompile Include="io\SNAPGraphWriter.cpp">
      <Filter>Source Files</Filter>
    </ClCompile>
    <ClCompile Include="KADABRA\Graph3.cpp">
      <Filter>Source Files</Filter>
    </ClCompile>
    <ClCompile Include="KADABRA\Probabilistic.cpp">
      <Filter>Source Files</Filter>
    </ClCompile>
    <ClCompile Include="KADABRA\Rand_gen.cpp">
      <Filter>Source Files</Filter>
    </ClCompile>
    <ClCompile Include="KADABRA\Ranking_list.cpp">
      <Filter>Source Files</Filter>
    </ClCompile>
    <ClCompile Include="KADABRA\Sp_sampler.cpp">
      <Filter>Source Files</Filter>
    </ClCompile>
    <ClCompile Include="KADABRA\utilities.cpp">
      <Filter>Source Files</Filter>
    </ClCompile>
    <ClCompile Include="linkprediction\AdamicAdarIndex.cpp">
      <Filter>Source Files</Filter>
    </ClCompile>
    <ClCompile Include="linkprediction\AdjustedRandIndex.cpp">
      <Filter>Source Files</Filter>
    </ClCompile>
    <ClCompile Include="linkprediction\AlgebraicDistanceIndex.cpp">
      <Filter>Source Files</Filter>
    </ClCompile>
    <ClCompile Include="linkprediction\CommonNeighborsIndex.cpp">
      <Filter>Source Files</Filter>
    </ClCompile>
    <ClCompile Include="linkprediction\EvaluationMetric.cpp">
      <Filter>Source Files</Filter>
    </ClCompile>
    <ClCompile Include="linkprediction\JaccardIndex.cpp">
      <Filter>Source Files</Filter>
    </ClCompile>
    <ClCompile Include="linkprediction\KatzIndex.cpp">
      <Filter>Source Files</Filter>
    </ClCompile>
    <ClCompile Include="linkprediction\LinkPredictor.cpp">
      <Filter>Source Files</Filter>
    </ClCompile>
    <ClCompile Include="linkprediction\LinkThresholder.cpp">
      <Filter>Source Files</Filter>
    </ClCompile>
    <ClCompile Include="linkprediction\MissingLinksFinder.cpp">
      <Filter>Source Files</Filter>
    </ClCompile>
    <ClCompile Include="linkprediction\NeighborhoodDistanceIndex.cpp">
      <Filter>Source Files</Filter>
    </ClCompile>
    <ClCompile Include="linkprediction\NeighborhoodUtility.cpp">
      <Filter>Source Files</Filter>
    </ClCompile>
    <ClCompile Include="linkprediction\NeighborsMeasureIndex.cpp">
      <Filter>Source Files</Filter>
    </ClCompile>
    <ClCompile Include="linkprediction\PrecisionRecallMetric.cpp">
      <Filter>Source Files</Filter>
    </ClCompile>
    <ClCompile Include="linkprediction\PredictionsSorter.cpp">
      <Filter>Source Files</Filter>
    </ClCompile>
    <ClCompile Include="linkprediction\PreferentialAttachmentIndex.cpp">
      <Filter>Source Files</Filter>
    </ClCompile>
    <ClCompile Include="linkprediction\RandomLinkSampler.cpp">
      <Filter>Source Files</Filter>
    </ClCompile>
    <ClCompile Include="linkprediction\ResourceAllocationIndex.cpp">
      <Filter>Source Files</Filter>
    </ClCompile>
    <ClCompile Include="linkprediction\ROCMetric.cpp">
      <Filter>Source Files</Filter>
    </ClCompile>
    <ClCompile Include="linkprediction\SameCommunityIndex.cpp">
      <Filter>Source Files</Filter>
    </ClCompile>
    <ClCompile Include="linkprediction\TotalNeighborsIndex.cpp">
      <Filter>Source Files</Filter>
    </ClCompile>
    <ClCompile Include="linkprediction\UDegreeIndex.cpp">
      <Filter>Source Files</Filter>
    </ClCompile>
    <ClCompile Include="linkprediction\VDegreeIndex.cpp">
      <Filter>Source Files</Filter>
    </ClCompile>
    <ClCompile Include="matching\LocalMaxMatcher.cpp">
      <Filter>Source Files</Filter>
    </ClCompile>
    <ClCompile Include="matching\Matcher.cpp">
      <Filter>Source Files</Filter>
    </ClCompile>
    <ClCompile Include="matching\Matching.cpp">
      <Filter>Source Files</Filter>
    </ClCompile>
    <ClCompile Include="matching\PathGrowingMatcher.cpp">
      <Filter>Source Files</Filter>
    </ClCompile>
    <ClCompile Include="numerics\LAMG\MultiLevelSetup.cpp">
      <Filter>Source Files</Filter>
    </ClCompile>
    <ClCompile Include="numerics\LAMG\SolverLamg.cpp">
      <Filter>Source Files</Filter>
    </ClCompile>
    <ClCompile Include="overlap\HashingOverlapper.cpp">
      <Filter>Source Files</Filter>
    </ClCompile>
    <ClCompile Include="overlap\Overlapper.cpp">
      <Filter>Source Files</Filter>
    </ClCompile>
    <ClCompile Include="scd\ApproximatePageRank.cpp">
      <Filter>Source Files</Filter>
    </ClCompile>
    <ClCompile Include="scd\GCE.cpp">
      <Filter>Source Files</Filter>
    </ClCompile>
    <ClCompile Include="scd\PageRankNibble.cpp">
      <Filter>Source Files</Filter>
    </ClCompile>
    <ClCompile Include="scd\SelectiveCommunityDetector.cpp">
      <Filter>Source Files</Filter>
    </ClCompile>
    <ClCompile Include="simulation\EpidemicSimulationSEIR.cpp">
      <Filter>Source Files</Filter>
    </ClCompile>
    <ClCompile Include="spanning\PseudoRandomSpanningTree.cpp">
      <Filter>Source Files</Filter>
    </ClCompile>
    <ClCompile Include="spanning\RandomSpanningTree.cpp">
      <Filter>Source Files</Filter>
    </ClCompile>
    <ClCompile Include="sparsification\ChanceCorrectedTriangleScore.cpp">
      <Filter>Source Files</Filter>
    </ClCompile>
    <ClCompile Include="sparsification\ForestFireScore.cpp">
      <Filter>Source Files</Filter>
    </ClCompile>
    <ClCompile Include="sparsification\GlobalThresholdFilter.cpp">
      <Filter>Source Files</Filter>
    </ClCompile>
    <ClCompile Include="sparsification\LocalDegreeScore.cpp">
      <Filter>Source Files</Filter>
    </ClCompile>
    <ClCompile Include="sparsification\LocalSimilarityScore.cpp">
      <Filter>Source Files</Filter>
    </ClCompile>
    <ClCompile Include="sparsification\MultiscaleScore.cpp">
      <Filter>Source Files</Filter>
    </ClCompile>
    <ClCompile Include="sparsification\RandomEdgeScore.cpp">
      <Filter>Source Files</Filter>
    </ClCompile>
    <ClCompile Include="sparsification\RandomNodeEdgeScore.cpp">
      <Filter>Source Files</Filter>
    </ClCompile>
    <ClCompile Include="sparsification\SCANStructuralSimilarityScore.cpp">
      <Filter>Source Files</Filter>
    </ClCompile>
    <ClCompile Include="sparsification\SimmelianOverlapScore.cpp">
      <Filter>Source Files</Filter>
    </ClCompile>
    <ClCompile Include="sparsification\SimmelianScore.cpp">
      <Filter>Source Files</Filter>
    </ClCompile>
    <ClCompile Include="sparsification\Sparsifiers.cpp">
      <Filter>Source Files</Filter>
    </ClCompile>
    <ClCompile Include="structures\Cover.cpp">
      <Filter>Source Files</Filter>
    </ClCompile>
    <ClCompile Include="structures\Partition.cpp">
      <Filter>Source Files</Filter>
    </ClCompile>
    <ClCompile Include="structures\UnionFind.cpp">
      <Filter>Source Files</Filter>
    </ClCompile>
    <ClCompile Include="viz\FruchtermanReingold.cpp">
      <Filter>Source Files</Filter>
    </ClCompile>
    <ClCompile Include="viz\Layouter.cpp">
      <Filter>Source Files</Filter>
    </ClCompile>
    <ClCompile Include="viz\MaxentStress.cpp">
      <Filter>Source Files</Filter>
    </ClCompile>
    <ClCompile Include="viz\MultilevelLayouter.cpp">
      <Filter>Source Files</Filter>
    </ClCompile>
    <ClCompile Include="viz\PivotMDS.cpp">
      <Filter>Source Files</Filter>
    </ClCompile>
    <ClCompile Include="viz\PostscriptWriter.cpp">
      <Filter>Source Files</Filter>
    </ClCompile>
  </ItemGroup>
  <ItemGroup>
    <ClInclude Include="Clust.h">
      <Filter>Header Files</Filter>
    </ClInclude>
    <ClInclude Include="Graph2.h">
      <Filter>Header Files</Filter>
    </ClInclude>
    <ClInclude Include="adaptive-betweenness-centrality.h">
      <Filter>Header Files</Filter>
    </ClInclude>
    <ClInclude Include="bc.h">
      <Filter>Header Files</Filter>
    </ClInclude>
    <ClInclude Include="Dijkstra.h">
      <Filter>Header Files</Filter>
    </ClInclude>
    <ClInclude Include="Globals.h">
      <Filter>Header Files</Filter>
    </ClInclude>
    <ClInclude Include="graph_t.h">
      <Filter>Header Files</Filter>
    </ClInclude>
    <ClInclude Include="Immunization.h">
      <Filter>Header Files</Filter>
    </ClInclude>
    <ClInclude Include="IndexedItem.h">
      <Filter>Header Files</Filter>
    </ClInclude>
    <ClInclude Include="iter_info_t.h">
      <Filter>Header Files</Filter>
    </ClInclude>
    <ClInclude Include="MinHeapDijkstra.h">
      <Filter>Header Files</Filter>
    </ClInclude>
    <ClInclude Include="NBR.h">
      <Filter>Header Files</Filter>
    </ClInclude>
    <ClInclude Include="types.h">
      <Filter>Header Files</Filter>
    </ClInclude>
    <ClInclude Include="utility.h">
      <Filter>Header Files</Filter>
    </ClInclude>
    <ClInclude Include="abra\ApproxBetweennessRade.h">
      <Filter>Header Files</Filter>
    </ClInclude>
    <ClInclude Include="abra\RadeAux.h">
      <Filter>Header Files</Filter>
    </ClInclude>
    <ClInclude Include="algebraic\algorithms\AlgebraicBellmanFord.h">
      <Filter>Header Files</Filter>
    </ClInclude>
    <ClInclude Include="algebraic\algorithms\AlgebraicBFS.h">
      <Filter>Header Files</Filter>
    </ClInclude>
    <ClInclude Include="algebraic\algorithms\AlgebraicMatchingCoarsening.h">
      <Filter>Header Files</Filter>
    </ClInclude>
    <ClInclude Include="algebraic\algorithms\AlgebraicPageRank.h">
      <Filter>Header Files</Filter>
    </ClInclude>
    <ClInclude Include="algebraic\algorithms\AlgebraicSpanningEdgeCentrality.h">
      <Filter>Header Files</Filter>
    </ClInclude>
    <ClInclude Include="algebraic\algorithms\AlgebraicTriangleCounting.h">
      <Filter>Header Files</Filter>
    </ClInclude>
    <ClInclude Include="algebraic\AlgebraicGlobals.h">
      <Filter>Header Files</Filter>
    </ClInclude>
    <ClInclude Include="algebraic\CSRMatrix.h">
      <Filter>Header Files</Filter>
    </ClInclude>
    <ClInclude Include="algebraic\DenseMatrix.h">
      <Filter>Header Files</Filter>
    </ClInclude>
    <ClInclude Include="algebraic\DynamicMatrix.h">
      <Filter>Header Files</Filter>
    </ClInclude>
    <ClInclude Include="algebraic\GraphBLAS.h">
      <Filter>Header Files</Filter>
    </ClInclude>
    <ClInclude Include="algebraic\MatrixTools.h">
      <Filter>Header Files</Filter>
    </ClInclude>
    <ClInclude Include="algebraic\Semirings.h">
      <Filter>Header Files</Filter>
    </ClInclude>
    <ClInclude Include="algebraic\SparseAccumulator.h">
      <Filter>Header Files</Filter>
    </ClInclude>
    <ClInclude Include="algebraic\Vector.h">
      <Filter>Header Files</Filter>
    </ClInclude>
    <ClInclude Include="auxiliary\BloomFilter.h">
      <Filter>Header Files</Filter>
    </ClInclude>
    <ClInclude Include="auxiliary\BucketPQ.h">
      <Filter>Header Files</Filter>
    </ClInclude>
    <ClInclude Include="auxiliary\Enforce.h">
      <Filter>Header Files</Filter>
    </ClInclude>
    <ClInclude Include="auxiliary\FunctionTraits.h">
      <Filter>Header Files</Filter>
    </ClInclude>
    <ClInclude Include="auxiliary\Log.h">
      <Filter>Header Files</Filter>
    </ClInclude>
    <ClInclude Include="auxiliary\MissingMath.h">
      <Filter>Header Files</Filter>
    </ClInclude>
    <ClInclude Include="auxiliary\NumberParsing.h">
      <Filter>Header Files</Filter>
    </ClInclude>
    <ClInclude Include="auxiliary\NumericTools.h">
      <Filter>Header Files</Filter>
    </ClInclude>
    <ClInclude Include="auxiliary\Parallel.h">
      <Filter>Header Files</Filter>
    </ClInclude>
    <ClInclude Include="auxiliary\Parallelism.h">
      <Filter>Header Files</Filter>
    </ClInclude>
    <ClInclude Include="auxiliary\PrioQueue.h">
      <Filter>Header Files</Filter>
    </ClInclude>
    <ClInclude Include="auxiliary\PrioQueueForInts.h">
      <Filter>Header Files</Filter>
    </ClInclude>
    <ClInclude Include="auxiliary\Random.h">
      <Filter>Header Files</Filter>
    </ClInclude>
    <ClInclude Include="auxiliary\SetIntersector.h">
      <Filter>Header Files</Filter>
    </ClInclude>
    <ClInclude Include="auxiliary\SignalHandling.h">
      <Filter>Header Files</Filter>
    </ClInclude>
    <ClInclude Include="auxiliary\StringBuilder.h">
      <Filter>Header Files</Filter>
    </ClInclude>
    <ClInclude Include="auxiliary\StringTools.h">
      <Filter>Header Files</Filter>
    </ClInclude>
    <ClInclude Include="auxiliary\TemplateUtils.h">
      <Filter>Header Files</Filter>
    </ClInclude>
    <ClInclude Include="auxiliary\Timer.h">
      <Filter>Header Files</Filter>
    </ClInclude>
    <ClInclude Include="base\Algorithm.h">
      <Filter>Header Files</Filter>
    </ClInclude>
    <ClInclude Include="base\DynAlgorithm.h">
      <Filter>Header Files</Filter>
    </ClInclude>
    <ClInclude Include="centrality\ApproxBetweenness.h">
      <Filter>Header Files</Filter>
    </ClInclude>
    <ClInclude Include="centrality\ApproxBetweenness2.h">
      <Filter>Header Files</Filter>
    </ClInclude>
    <ClInclude Include="centrality\ApproxCloseness.h">
      <Filter>Header Files</Filter>
    </ClInclude>
    <ClInclude Include="centrality\Betweenness.h">
      <Filter>Header Files</Filter>
    </ClInclude>
    <ClInclude Include="centrality\Centrality.h">
      <Filter>Header Files</Filter>
    </ClInclude>
    <ClInclude Include="centrality\Closeness.h">
      <Filter>Header Files</Filter>
    </ClInclude>
    <ClInclude Include="centrality\CoreDecomposition.h">
      <Filter>Header Files</Filter>
    </ClInclude>
    <ClInclude Include="centrality\DegreeCentrality.h">
      <Filter>Header Files</Filter>
    </ClInclude>
    <ClInclude Include="centrality\DynApproxBetweenness.h">
      <Filter>Header Files</Filter>
    </ClInclude>
    <ClInclude Include="centrality\DynBetweenness.h">
      <Filter>Header Files</Filter>
    </ClInclude>
    <ClInclude Include="centrality\EigenvectorCentrality.h">
      <Filter>Header Files</Filter>
    </ClInclude>
    <ClInclude Include="centrality\EstimateBetweenness.h">
      <Filter>Header Files</Filter>
    </ClInclude>
    <ClInclude Include="centrality\KatzCentrality.h">
      <Filter>Header Files</Filter>
    </ClInclude>
    <ClInclude Include="centrality\KPathCentrality.h">
      <Filter>Header Files</Filter>
    </ClInclude>
    <ClInclude Include="centrality\LocalClusteringCoefficient.h">
      <Filter>Header Files</Filter>
    </ClInclude>
    <ClInclude Include="centrality\LocalPartitionCoverage.h">
      <Filter>Header Files</Filter>
    </ClInclude>
    <ClInclude Include="centrality\PageRank.h">
      <Filter>Header Files</Filter>
    </ClInclude>
    <ClInclude Include="centrality\PermanenceCentrality.h">
      <Filter>Header Files</Filter>
    </ClInclude>
    <ClInclude Include="centrality\Sfigality.h">
      <Filter>Header Files</Filter>
    </ClInclude>
    <ClInclude Include="centrality\SpanningEdgeCentrality.h">
      <Filter>Header Files</Filter>
    </ClInclude>
    <ClInclude Include="centrality\TopCloseness.h">
      <Filter>Header Files</Filter>
    </ClInclude>
    <ClInclude Include="clique\MaxClique.h">
      <Filter>Header Files</Filter>
    </ClInclude>
    <ClInclude Include="clique\MaximalCliques.h">
      <Filter>Header Files</Filter>
    </ClInclude>
    <ClInclude Include="coarsening\ClusteringProjector.h">
      <Filter>Header Files</Filter>
    </ClInclude>
    <ClInclude Include="coarsening\GraphCoarsening.h">
      <Filter>Header Files</Filter>
    </ClInclude>
    <ClInclude Include="coarsening\MatchingCoarsening.h">
      <Filter>Header Files</Filter>
    </ClInclude>
    <ClInclude Include="coarsening\ParallelPartitionCoarsening.h">
      <Filter>Header Files</Filter>
    </ClInclude>
    <ClInclude Include="community\AdjustedRandMeasure.h">
      <Filter>Header Files</Filter>
    </ClInclude>
    <ClInclude Include="community\ClusteringGenerator.h">
      <Filter>Header Files</Filter>
    </ClInclude>
    <ClInclude Include="community\CommunityDetectionAlgorithm.h">
      <Filter>Header Files</Filter>
    </ClInclude>
    <ClInclude Include="community\Conductance.h">
      <Filter>Header Files</Filter>
    </ClInclude>
    <ClInclude Include="community\Coverage.h">
      <Filter>Header Files</Filter>
    </ClInclude>
    <ClInclude Include="community\CoverHubDominance.h">
      <Filter>Header Files</Filter>
    </ClInclude>
    <ClInclude Include="community\CutClustering.h">
      <Filter>Header Files</Filter>
    </ClInclude>
    <ClInclude Include="community\DissimilarityMeasure.h">
      <Filter>Header Files</Filter>
    </ClInclude>
    <ClInclude Include="community\DynamicNMIDistance.h">
      <Filter>Header Files</Filter>
    </ClInclude>
    <ClInclude Include="community\EdgeCut.h">
      <Filter>Header Files</Filter>
    </ClInclude>
    <ClInclude Include="community\GraphClusteringTools.h">
      <Filter>Header Files</Filter>
    </ClInclude>
    <ClInclude Include="community\GraphStructuralRandMeasure.h">
      <Filter>Header Files</Filter>
    </ClInclude>
    <ClInclude Include="community\HubDominance.h">
      <Filter>Header Files</Filter>
    </ClInclude>
    <ClInclude Include="community\IntrapartitionDensity.h">
      <Filter>Header Files</Filter>
    </ClInclude>
    <ClInclude Include="community\IsolatedInterpartitionConductance.h">
      <Filter>Header Files</Filter>
    </ClInclude>
    <ClInclude Include="community\IsolatedInterpartitionExpansion.h">
      <Filter>Header Files</Filter>
    </ClInclude>
    <ClInclude Include="community\JaccardMeasure.h">
      <Filter>Header Files</Filter>
    </ClInclude>
    <ClInclude Include="community\LocalCommunityEvaluation.h">
      <Filter>Header Files</Filter>
    </ClInclude>
    <ClInclude Include="community\LocalCoverEvaluation.h">
      <Filter>Header Files</Filter>
    </ClInclude>
    <ClInclude Include="community\LocalPartitionEvaluation.h">
      <Filter>Header Files</Filter>
    </ClInclude>
    <ClInclude Include="community\LPDegreeOrdered.h">
      <Filter>Header Files</Filter>
    </ClInclude>
    <ClInclude Include="community\Modularity.h">
      <Filter>Header Files</Filter>
    </ClInclude>
    <ClInclude Include="community\NMIDistance.h">
      <Filter>Header Files</Filter>
    </ClInclude>
    <ClInclude Include="community\NodeStructuralRandMeasure.h">
      <Filter>Header Files</Filter>
    </ClInclude>
    <ClInclude Include="community\ParallelAgglomerativeClusterer.h">
      <Filter>Header Files</Filter>
    </ClInclude>
    <ClInclude Include="community\PartitionFragmentation.h">
      <Filter>Header Files</Filter>
    </ClInclude>
    <ClInclude Include="community\PartitionHubDominance.h">
      <Filter>Header Files</Filter>
    </ClInclude>
    <ClInclude Include="community\PartitionIntersection.h">
      <Filter>Header Files</Filter>
    </ClInclude>
    <ClInclude Include="community\PLM.h">
      <Filter>Header Files</Filter>
    </ClInclude>
    <ClInclude Include="community\PLP.h">
      <Filter>Header Files</Filter>
    </ClInclude>
    <ClInclude Include="community\QualityMeasure.h">
      <Filter>Header Files</Filter>
    </ClInclude>
    <ClInclude Include="community\SampledGraphStructuralRandMeasure.h">
      <Filter>Header Files</Filter>
    </ClInclude>
    <ClInclude Include="community\SampledNodeStructuralRandMeasure.h">
      <Filter>Header Files</Filter>
    </ClInclude>
    <ClInclude Include="community\StablePartitionNodes.h">
      <Filter>Header Files</Filter>
    </ClInclude>
    <ClInclude Include="components\ConnectedComponents.h">
      <Filter>Header Files</Filter>
    </ClInclude>
    <ClInclude Include="components\ParallelConnectedComponents.h">
      <Filter>Header Files</Filter>
    </ClInclude>
    <ClInclude Include="components\StronglyConnectedComponents.h">
      <Filter>Header Files</Filter>
    </ClInclude>
    <ClInclude Include="correlation\Assortativity.h">
      <Filter>Header Files</Filter>
    </ClInclude>
    <ClInclude Include="distance\AdamicAdarDistance.h">
      <Filter>Header Files</Filter>
    </ClInclude>
    <ClInclude Include="distance\AlgebraicDistance.h">
      <Filter>Header Files</Filter>
    </ClInclude>
    <ClInclude Include="distance\APSP.h">
      <Filter>Header Files</Filter>
    </ClInclude>
    <ClInclude Include="distance\BFS.h">
      <Filter>Header Files</Filter>
    </ClInclude>
    <ClInclude Include="distance\CommuteTimeDistance.h">
      <Filter>Header Files</Filter>
    </ClInclude>
    <ClInclude Include="distance\Diameter.h">
      <Filter>Header Files</Filter>
    </ClInclude>
    <ClInclude Include="distance\Dijkstra.h">
      <Filter>Header Files</Filter>
    </ClInclude>
    <ClInclude Include="distance\DynAPSP.h">
      <Filter>Header Files</Filter>
    </ClInclude>
    <ClInclude Include="distance\DynBFS.h">
      <Filter>Header Files</Filter>
    </ClInclude>
    <ClInclude Include="distance\DynDijkstra.h">
      <Filter>Header Files</Filter>
    </ClInclude>
    <ClInclude Include="distance\DynSSSP.h">
      <Filter>Header Files</Filter>
    </ClInclude>
    <ClInclude Include="distance\Eccentricity.h">
      <Filter>Header Files</Filter>
    </ClInclude>
    <ClInclude Include="distance\EffectiveDiameter.h">
      <Filter>Header Files</Filter>
    </ClInclude>
    <ClInclude Include="distance\EffectiveDiameterApproximation.h">
      <Filter>Header Files</Filter>
    </ClInclude>
    <ClInclude Include="distance\GraphDistance.h">
      <Filter>Header Files</Filter>
    </ClInclude>
    <ClInclude Include="distance\HopPlotApproximation.h">
      <Filter>Header Files</Filter>
    </ClInclude>
    <ClInclude Include="distance\IncompleteDijkstra.h">
      <Filter>Header Files</Filter>
    </ClInclude>
    <ClInclude Include="distance\IncompleteSSSP.h">
      <Filter>Header Files</Filter>
    </ClInclude>
    <ClInclude Include="distance\JaccardDistance.h">
      <Filter>Header Files</Filter>
    </ClInclude>
    <ClInclude Include="distance\NeighborhoodFunction.h">
      <Filter>Header Files</Filter>
    </ClInclude>
    <ClInclude Include="distance\NeighborhoodFunctionApproximation.h">
      <Filter>Header Files</Filter>
    </ClInclude>
    <ClInclude Include="distance\NeighborhoodFunctionHeuristic.h">
      <Filter>Header Files</Filter>
    </ClInclude>
    <ClInclude Include="distance\NodeDistance.h">
      <Filter>Header Files</Filter>
    </ClInclude>
    <ClInclude Include="distance\SSSP.h">
      <Filter>Header Files</Filter>
    </ClInclude>
    <ClInclude Include="dynamics\DGSStreamParser.h">
      <Filter>Header Files</Filter>
    </ClInclude>
    <ClInclude Include="dynamics\DGSWriter.h">
      <Filter>Header Files</Filter>
    </ClInclude>
    <ClInclude Include="dynamics\GraphEvent.h">
      <Filter>Header Files</Filter>
    </ClInclude>
    <ClInclude Include="dynamics\GraphEventHandler.h">
      <Filter>Header Files</Filter>
    </ClInclude>
    <ClInclude Include="dynamics\GraphEventProxy.h">
      <Filter>Header Files</Filter>
    </ClInclude>
    <ClInclude Include="dynamics\GraphUpdater.h">
      <Filter>Header Files</Filter>
    </ClInclude>
    <ClInclude Include="edgescores\ChibaNishizekiQuadrangleEdgeScore.h">
      <Filter>Header Files</Filter>
    </ClInclude>
    <ClInclude Include="edgescores\ChibaNishizekiTriangleEdgeScore.h">
      <Filter>Header Files</Filter>
    </ClInclude>
    <ClInclude Include="edgescores\EdgeScore.h">
      <Filter>Header Files</Filter>
    </ClInclude>
    <ClInclude Include="edgescores\EdgeScoreAsWeight.h">
      <Filter>Header Files</Filter>
    </ClInclude>
    <ClInclude Include="edgescores\EdgeScoreBlender.h">
      <Filter>Header Files</Filter>
    </ClInclude>
    <ClInclude Include="edgescores\EdgeScoreLinearizer.h">
      <Filter>Header Files</Filter>
    </ClInclude>
    <ClInclude Include="edgescores\EdgeScoreNormalizer.h">
      <Filter>Header Files</Filter>
    </ClInclude>
    <ClInclude Include="edgescores\GeometricMeanScore.h">
      <Filter>Header Files</Filter>
    </ClInclude>
    <ClInclude Include="edgescores\PrefixJaccardScore.h">
      <Filter>Header Files</Filter>
    </ClInclude>
    <ClInclude Include="edgescores\TriangleEdgeScore.h">
      <Filter>Header Files</Filter>
    </ClInclude>
    <ClInclude Include="ext\ttmath\ttmath.h">
      <Filter>Header Files</Filter>
    </ClInclude>
    <ClInclude Include="ext\ttmath\ttmathbig.h">
      <Filter>Header Files</Filter>
    </ClInclude>
    <ClInclude Include="ext\ttmath\ttmathdec.h">
      <Filter>Header Files</Filter>
    </ClInclude>
    <ClInclude Include="ext\ttmath\ttmathint.h">
      <Filter>Header Files</Filter>
    </ClInclude>
    <ClInclude Include="ext\ttmath\ttmathmisc.h">
      <Filter>Header Files</Filter>
    </ClInclude>
    <ClInclude Include="ext\ttmath\ttmathobjects.h">
      <Filter>Header Files</Filter>
    </ClInclude>
    <ClInclude Include="ext\ttmath\ttmathparser.h">
      <Filter>Header Files</Filter>
    </ClInclude>
    <ClInclude Include="ext\ttmath\ttmaththreads.h">
      <Filter>Header Files</Filter>
    </ClInclude>
    <ClInclude Include="ext\ttmath\ttmathtypes.h">
      <Filter>Header Files</Filter>
    </ClInclude>
    <ClInclude Include="ext\ttmath\ttmathuint.h">
      <Filter>Header Files</Filter>
    </ClInclude>
    <ClInclude Include="ext\ttmath\ttmathuint_noasm.h">
      <Filter>Header Files</Filter>
    </ClInclude>
    <ClInclude Include="ext\ttmath\ttmathuint_x86.h">
      <Filter>Header Files</Filter>
    </ClInclude>
    <ClInclude Include="ext\ttmath\ttmathuint_x86_64.h">
      <Filter>Header Files</Filter>
    </ClInclude>
    <ClInclude Include="ext\optionparser.h">
      <Filter>Header Files</Filter>
    </ClInclude>
    <ClInclude Include="flow\EdmondsKarp.h">
      <Filter>Header Files</Filter>
    </ClInclude>
    <ClInclude Include="generators\quadtree\test\QuadTreeGTest.h">
      <Filter>Header Files</Filter>
    </ClInclude>
    <ClInclude Include="generators\quadtree\QuadNode.h">
      <Filter>Header Files</Filter>
    </ClInclude>
    <ClInclude Include="generators\quadtree\QuadNodeCartesianEuclid.h">
      <Filter>Header Files</Filter>
    </ClInclude>
    <ClInclude Include="generators\quadtree\QuadNodePolarEuclid.h">
      <Filter>Header Files</Filter>
    </ClInclude>
    <ClInclude Include="generators\quadtree\Quadtree.h">
      <Filter>Header Files</Filter>
    </ClInclude>
    <ClInclude Include="generators\quadtree\QuadtreeCartesianEuclid.h">
      <Filter>Header Files</Filter>
    </ClInclude>
    <ClInclude Include="generators\quadtree\QuadtreePolarEuclid.h">
      <Filter>Header Files</Filter>
    </ClInclude>
    <ClInclude Include="generators\BarabasiAlbertGenerator.h">
      <Filter>Header Files</Filter>
    </ClInclude>
    <ClInclude Include="generators\ChungLuGenerator.h">
      <Filter>Header Files</Filter>
    </ClInclude>
    <ClInclude Include="generators\ClusteredRandomGraphGenerator.h">
      <Filter>Header Files</Filter>
    </ClInclude>
    <ClInclude Include="generators\DorogovtsevMendesGenerator.h">
      <Filter>Header Files</Filter>
    </ClInclude>
    <ClInclude Include="generators\DynamicBarabasiAlbertGenerator.h">
      <Filter>Header Files</Filter>
    </ClInclude>
    <ClInclude Include="generators\DynamicDGSParser.h">
      <Filter>Header Files</Filter>
    </ClInclude>
    <ClInclude Include="generators\DynamicDorogovtsevMendesGenerator.h">
      <Filter>Header Files</Filter>
    </ClInclude>
    <ClInclude Include="generators\DynamicForestFireGenerator.h">
      <Filter>Header Files</Filter>
    </ClInclude>
    <ClInclude Include="generators\DynamicGraphGenerator.h">
      <Filter>Header Files</Filter>
    </ClInclude>
    <ClInclude Include="generators\DynamicGraphSource.h">
      <Filter>Header Files</Filter>
    </ClInclude>
    <ClInclude Include="generators\DynamicHyperbolicGenerator.h">
      <Filter>Header Files</Filter>
    </ClInclude>
    <ClInclude Include="generators\DynamicPathGenerator.h">
      <Filter>Header Files</Filter>
    </ClInclude>
    <ClInclude Include="generators\DynamicPubWebGenerator.h">
      <Filter>Header Files</Filter>
    </ClInclude>
    <ClInclude Include="generators\EdgeSwitchingMarkovChainGenerator.h">
      <Filter>Header Files</Filter>
    </ClInclude>
    <ClInclude Include="generators\ErdosRenyiGenerator.h">
      <Filter>Header Files</Filter>
    </ClInclude>
    <ClInclude Include="generators\HavelHakimiGenerator.h">
      <Filter>Header Files</Filter>
    </ClInclude>
    <ClInclude Include="generators\HyperbolicGenerator.h">
      <Filter>Header Files</Filter>
    </ClInclude>
    <ClInclude Include="generators\LFRGenerator.h">
      <Filter>Header Files</Filter>
    </ClInclude>
    <ClInclude Include="generators\PowerlawDegreeSequence.h">
      <Filter>Header Files</Filter>
    </ClInclude>
    <ClInclude Include="generators\PubWebGenerator.h">
      <Filter>Header Files</Filter>
    </ClInclude>
    <ClInclude Include="generators\RegularRingLatticeGenerator.h">
      <Filter>Header Files</Filter>
    </ClInclude>
    <ClInclude Include="generators\RmatGenerator.h">
      <Filter>Header Files</Filter>
    </ClInclude>
    <ClInclude Include="generators\StaticDegreeSequenceGenerator.h">
      <Filter>Header Files</Filter>
    </ClInclude>
    <ClInclude Include="generators\StaticGraphGenerator.h">
      <Filter>Header Files</Filter>
    </ClInclude>
    <ClInclude Include="generators\StochasticBlockmodel.h">
      <Filter>Header Files</Filter>
    </ClInclude>
    <ClInclude Include="generators\WattsStrogatzGenerator.h">
      <Filter>Header Files</Filter>
    </ClInclude>
    <ClInclude Include="geometric\HyperbolicSpace.h">
      <Filter>Header Files</Filter>
    </ClInclude>
    <ClInclude Include="geometric\Point2D.h">
      <Filter>Header Files</Filter>
    </ClInclude>
    <ClInclude Include="global\ClusteringCoefficient.h">
      <Filter>Header Files</Filter>
    </ClInclude>
    <ClInclude Include="global\GlobalClusteringCoefficient.h">
      <Filter>Header Files</Filter>
    </ClInclude>
    <ClInclude Include="graph\Coordinates.h">
      <Filter>Header Files</Filter>
    </ClInclude>
    <ClInclude Include="graph\Graph.h">
      <Filter>Header Files</Filter>
    </ClInclude>
    <ClInclude Include="graph\GraphBuilder.h">
      <Filter>Header Files</Filter>
    </ClInclude>
    <ClInclude Include="graph\GraphOrig.h">
      <Filter>Header Files</Filter>
    </ClInclude>
    <ClInclude Include="graph\GraphTools.h">
      <Filter>Header Files</Filter>
    </ClInclude>
    <ClInclude Include="graph\KruskalMSF.h">
      <Filter>Header Files</Filter>
    </ClInclude>
    <ClInclude Include="graph\RandomMaximumSpanningForest.h">
      <Filter>Header Files</Filter>
    </ClInclude>
    <ClInclude Include="graph\RandomSpanningForest.h">
      <Filter>Header Files</Filter>
    </ClInclude>
    <ClInclude Include="graph\Sampling.h">
      <Filter>Header Files</Filter>
    </ClInclude>
    <ClInclude Include="graph\SpanningForest.h">
      <Filter>Header Files</Filter>
    </ClInclude>
    <ClInclude Include="graph\UnionMaximumSpanningForest.h">
      <Filter>Header Files</Filter>
    </ClInclude>
    <ClInclude Include="independentset\IndependentSetFinder.h">
      <Filter>Header Files</Filter>
    </ClInclude>
    <ClInclude Include="independentset\Luby.h">
      <Filter>Header Files</Filter>
    </ClInclude>
    <ClInclude Include="io\CoverReader.h">
      <Filter>Header Files</Filter>
    </ClInclude>
    <ClInclude Include="io\CoverWriter.h">
      <Filter>Header Files</Filter>
    </ClInclude>
    <ClInclude Include="io\DGSReader.h">
      <Filter>Header Files</Filter>
    </ClInclude>
    <ClInclude Include="io\DibapGraphReader.h">
      <Filter>Header Files</Filter>
    </ClInclude>
    <ClInclude Include="io\DotGraphWriter.h">
      <Filter>Header Files</Filter>
    </ClInclude>
    <ClInclude Include="io\DotPartitionWriter.h">
      <Filter>Header Files</Filter>
    </ClInclude>
    <ClInclude Include="io\DynamicGraphReader.h">
      <Filter>Header Files</Filter>
    </ClInclude>
    <ClInclude Include="io\EdgeListCoverReader.h">
      <Filter>Header Files</Filter>
    </ClInclude>
    <ClInclude Include="io\EdgeListPartitionReader.h">
      <Filter>Header Files</Filter>
    </ClInclude>
    <ClInclude Include="io\EdgeListReader.h">
      <Filter>Header Files</Filter>
    </ClInclude>
    <ClInclude Include="io\EdgeListWriter.h">
      <Filter>Header Files</Filter>
    </ClInclude>
    <ClInclude Include="io\GMLGraphReader.h">
      <Filter>Header Files</Filter>
    </ClInclude>
    <ClInclude Include="io\GMLGraphWriter.h">
      <Filter>Header Files</Filter>
    </ClInclude>
    <ClInclude Include="io\GraphIO.h">
      <Filter>Header Files</Filter>
    </ClInclude>
    <ClInclude Include="io\GraphReader.h">
      <Filter>Header Files</Filter>
    </ClInclude>
    <ClInclude Include="io\GraphToolBinaryReader.h">
      <Filter>Header Files</Filter>
    </ClInclude>
    <ClInclude Include="io\GraphToolBinaryWriter.h">
      <Filter>Header Files</Filter>
    </ClInclude>
    <ClInclude Include="io\GraphWriter.h">
      <Filter>Header Files</Filter>
    </ClInclude>
    <ClInclude Include="io\KONECTGraphReader.h">
      <Filter>Header Files</Filter>
    </ClInclude>
    <ClInclude Include="io\LineFileReader.h">
      <Filter>Header Files</Filter>
    </ClInclude>
    <ClInclude Include="io\MatrixMarketReader.h">
      <Filter>Header Files</Filter>
    </ClInclude>
    <ClInclude Include="io\MatrixReader.h">
      <Filter>Header Files</Filter>
    </ClInclude>
    <ClInclude Include="io\METISGraphReader.h">
      <Filter>Header Files</Filter>
    </ClInclude>
    <ClInclude Include="io\METISGraphWriter.h">
      <Filter>Header Files</Filter>
    </ClInclude>
    <ClInclude Include="io\METISParser.h">
      <Filter>Header Files</Filter>
    </ClInclude>
    <ClInclude Include="io\PartitionReader.h">
      <Filter>Header Files</Filter>
    </ClInclude>
    <ClInclude Include="io\PartitionWriter.h">
      <Filter>Header Files</Filter>
    </ClInclude>
    <ClInclude Include="io\RasterReader.h">
      <Filter>Header Files</Filter>
    </ClInclude>
    <ClInclude Include="io\SNAPEdgeListPartitionReader.h">
      <Filter>Header Files</Filter>
    </ClInclude>
    <ClInclude Include="io\SNAPGraphReader.h">
      <Filter>Header Files</Filter>
    </ClInclude>
    <ClInclude Include="io\SNAPGraphWriter.h">
      <Filter>Header Files</Filter>
    </ClInclude>
    <ClInclude Include="KADABRA\Graph3.h">
      <Filter>Header Files</Filter>
    </ClInclude>
    <ClInclude Include="KADABRA\Probabilistic.h">
      <Filter>Header Files</Filter>
    </ClInclude>
    <ClInclude Include="KADABRA\Rand_gen.h">
      <Filter>Header Files</Filter>
    </ClInclude>
    <ClInclude Include="KADABRA\Ranking_list.h">
      <Filter>Header Files</Filter>
    </ClInclude>
    <ClInclude Include="KADABRA\Sp_sampler.h">
      <Filter>Header Files</Filter>
    </ClInclude>
    <ClInclude Include="KADABRA\utilities.h">
      <Filter>Header Files</Filter>
    </ClInclude>
    <ClInclude Include="layout\LayoutAlgorithm.h">
      <Filter>Header Files</Filter>
    </ClInclude>
    <ClInclude Include="linkprediction\AdamicAdarIndex.h">
      <Filter>Header Files</Filter>
    </ClInclude>
    <ClInclude Include="linkprediction\AdjustedRandIndex.h">
      <Filter>Header Files</Filter>
    </ClInclude>
    <ClInclude Include="linkprediction\AlgebraicDistanceIndex.h">
      <Filter>Header Files</Filter>
    </ClInclude>
    <ClInclude Include="linkprediction\CommonNeighborsIndex.h">
      <Filter>Header Files</Filter>
    </ClInclude>
    <ClInclude Include="linkprediction\EvaluationMetric.h">
      <Filter>Header Files</Filter>
    </ClInclude>
    <ClInclude Include="linkprediction\JaccardIndex.h">
      <Filter>Header Files</Filter>
    </ClInclude>
    <ClInclude Include="linkprediction\KatzIndex.h">
      <Filter>Header Files</Filter>
    </ClInclude>
    <ClInclude Include="linkprediction\LinkPredictor.h">
      <Filter>Header Files</Filter>
    </ClInclude>
    <ClInclude Include="linkprediction\LinkThresholder.h">
      <Filter>Header Files</Filter>
    </ClInclude>
    <ClInclude Include="linkprediction\MissingLinksFinder.h">
      <Filter>Header Files</Filter>
    </ClInclude>
    <ClInclude Include="linkprediction\NeighborhoodDistanceIndex.h">
      <Filter>Header Files</Filter>
    </ClInclude>
    <ClInclude Include="linkprediction\NeighborhoodUtility.h">
      <Filter>Header Files</Filter>
    </ClInclude>
    <ClInclude Include="linkprediction\NeighborsMeasureIndex.h">
      <Filter>Header Files</Filter>
    </ClInclude>
    <ClInclude Include="linkprediction\PrecisionRecallMetric.h">
      <Filter>Header Files</Filter>
    </ClInclude>
    <ClInclude Include="linkprediction\PredictionsSorter.h">
      <Filter>Header Files</Filter>
    </ClInclude>
    <ClInclude Include="linkprediction\PreferentialAttachmentIndex.h">
      <Filter>Header Files</Filter>
    </ClInclude>
    <ClInclude Include="linkprediction\RandomLinkSampler.h">
      <Filter>Header Files</Filter>
    </ClInclude>
    <ClInclude Include="linkprediction\ResourceAllocationIndex.h">
      <Filter>Header Files</Filter>
    </ClInclude>
    <ClInclude Include="linkprediction\ROCMetric.h">
      <Filter>Header Files</Filter>
    </ClInclude>
    <ClInclude Include="linkprediction\SameCommunityIndex.h">
      <Filter>Header Files</Filter>
    </ClInclude>
    <ClInclude Include="linkprediction\TotalNeighborsIndex.h">
      <Filter>Header Files</Filter>
    </ClInclude>
    <ClInclude Include="linkprediction\UDegreeIndex.h">
      <Filter>Header Files</Filter>
    </ClInclude>
    <ClInclude Include="linkprediction\VDegreeIndex.h">
      <Filter>Header Files</Filter>
    </ClInclude>
    <ClInclude Include="matching\LocalMaxMatcher.h">
      <Filter>Header Files</Filter>
    </ClInclude>
    <ClInclude Include="matching\Matcher.h">
      <Filter>Header Files</Filter>
    </ClInclude>
    <ClInclude Include="matching\Matching.h">
      <Filter>Header Files</Filter>
    </ClInclude>
    <ClInclude Include="matching\PathGrowingMatcher.h">
      <Filter>Header Files</Filter>
    </ClInclude>
    <ClInclude Include="numerics\LAMG\Level\EliminationStage.h">
      <Filter>Header Files</Filter>
    </ClInclude>
    <ClInclude Include="numerics\LAMG\Level\Level.h">
      <Filter>Header Files</Filter>
    </ClInclude>
    <ClInclude Include="numerics\LAMG\Level\LevelAggregation.h">
      <Filter>Header Files</Filter>
    </ClInclude>
    <ClInclude Include="numerics\LAMG\Level\LevelElimination.h">
      <Filter>Header Files</Filter>
    </ClInclude>
    <ClInclude Include="numerics\LAMG\Level\LevelFinest.h">
      <Filter>Header Files</Filter>
    </ClInclude>
    <ClInclude Include="numerics\LAMG\Lamg.h">
      <Filter>Header Files</Filter>
    </ClInclude>
    <ClInclude Include="numerics\LAMG\LAMGSettings.h">
      <Filter>Header Files</Filter>
    </ClInclude>
    <ClInclude Include="numerics\LAMG\LevelHierarchy.h">
      <Filter>Header Files</Filter>
    </ClInclude>
    <ClInclude Include="numerics\LAMG\MultiLevelSetup.h">
      <Filter>Header Files</Filter>
    </ClInclude>
    <ClInclude Include="numerics\LAMG\SolverLamg.h">
      <Filter>Header Files</Filter>
    </ClInclude>
    <ClInclude Include="numerics\Preconditioner\DiagonalPreconditioner.h">
      <Filter>Header Files</Filter>
    </ClInclude>
    <ClInclude Include="numerics\Preconditioner\IdentityPreconditioner.h">
      <Filter>Header Files</Filter>
    </ClInclude>
    <ClInclude Include="numerics\ConjugateGradient.h">
      <Filter>Header Files</Filter>
    </ClInclude>
    <ClInclude Include="numerics\GaussSeidelRelaxation.h">
      <Filter>Header Files</Filter>
    </ClInclude>
    <ClInclude Include="numerics\LinearSolver.h">
      <Filter>Header Files</Filter>
    </ClInclude>
    <ClInclude Include="numerics\Smoother.h">
      <Filter>Header Files</Filter>
    </ClInclude>
    <ClInclude Include="overlap\HashingOverlapper.h">
      <Filter>Header Files</Filter>
    </ClInclude>
    <ClInclude Include="overlap\Overlapper.h">
      <Filter>Header Files</Filter>
    </ClInclude>
    <ClInclude Include="scd\ApproximatePageRank.h">
      <Filter>Header Files</Filter>
    </ClInclude>
    <ClInclude Include="scd\GCE.h">
      <Filter>Header Files</Filter>
    </ClInclude>
    <ClInclude Include="scd\PageRankNibble.h">
      <Filter>Header Files</Filter>
    </ClInclude>
    <ClInclude Include="scd\SelectiveCommunityDetector.h">
      <Filter>Header Files</Filter>
    </ClInclude>
    <ClInclude Include="scoring\EdgeScoring.h">
      <Filter>Header Files</Filter>
    </ClInclude>
    <ClInclude Include="scoring\ModularityScoring.h">
      <Filter>Header Files</Filter>
    </ClInclude>
    <ClInclude Include="simulation\EpidemicSimulationSEIR.h">
      <Filter>Header Files</Filter>
    </ClInclude>
    <ClInclude Include="spanning\PseudoRandomSpanningTree.h">
      <Filter>Header Files</Filter>
    </ClInclude>
    <ClInclude Include="spanning\RandomSpanningTree.h">
      <Filter>Header Files</Filter>
    </ClInclude>
    <ClInclude Include="sparsification\ChanceCorrectedTriangleScore.h">
      <Filter>Header Files</Filter>
    </ClInclude>
    <ClInclude Include="sparsification\ForestFireScore.h">
      <Filter>Header Files</Filter>
    </ClInclude>
    <ClInclude Include="sparsification\GlobalThresholdFilter.h">
      <Filter>Header Files</Filter>
    </ClInclude>
    <ClInclude Include="sparsification\LocalDegreeScore.h">
      <Filter>Header Files</Filter>
    </ClInclude>
    <ClInclude Include="sparsification\LocalFilterScore.h">
      <Filter>Header Files</Filter>
    </ClInclude>
    <ClInclude Include="sparsification\LocalSimilarityScore.h">
      <Filter>Header Files</Filter>
    </ClInclude>
    <ClInclude Include="sparsification\MultiscaleScore.h">
      <Filter>Header Files</Filter>
    </ClInclude>
    <ClInclude Include="sparsification\RandomEdgeScore.h">
      <Filter>Header Files</Filter>
    </ClInclude>
    <ClInclude Include="sparsification\RandomNodeEdgeScore.h">
      <Filter>Header Files</Filter>
    </ClInclude>
    <ClInclude Include="sparsification\SCANStructuralSimilarityScore.h">
      <Filter>Header Files</Filter>
    </ClInclude>
    <ClInclude Include="sparsification\SimmelianOverlapScore.h">
      <Filter>Header Files</Filter>
    </ClInclude>
    <ClInclude Include="sparsification\SimmelianScore.h">
      <Filter>Header Files</Filter>
    </ClInclude>
    <ClInclude Include="sparsification\Sparsifiers.h">
      <Filter>Header Files</Filter>
    </ClInclude>
    <ClInclude Include="structures\Cover.h">
      <Filter>Header Files</Filter>
    </ClInclude>
    <ClInclude Include="structures\Partition.h">
      <Filter>Header Files</Filter>
    </ClInclude>
    <ClInclude Include="structures\UnionFind.h">
      <Filter>Header Files</Filter>
    </ClInclude>
    <ClInclude Include="viz\FruchtermanReingold.h">
      <Filter>Header Files</Filter>
    </ClInclude>
    <ClInclude Include="viz\GraphLayoutAlgorithm.h">
      <Filter>Header Files</Filter>
    </ClInclude>
    <ClInclude Include="viz\Layouter.h">
      <Filter>Header Files</Filter>
    </ClInclude>
    <ClInclude Include="viz\MaxentStress.h">
      <Filter>Header Files</Filter>
    </ClInclude>
    <ClInclude Include="viz\MultilevelLayouter.h">
      <Filter>Header Files</Filter>
    </ClInclude>
    <ClInclude Include="viz\Octree.h">
      <Filter>Header Files</Filter>
    </ClInclude>
    <ClInclude Include="viz\PivotMDS.h">
      <Filter>Header Files</Filter>
    </ClInclude>
    <ClInclude Include="viz\Point.h">
      <Filter>Header Files</Filter>
    </ClInclude>
    <ClInclude Include="viz\PostscriptWriter.h">
      <Filter>Header Files</Filter>
    </ClInclude>
  </ItemGroup>
  <ItemGroup>
    <None Include="karate.graph" />
    <None Include="ext\ttmath\ttmathuint_x86_64_msvc.asm">
      <Filter>Source Files</Filter>
    </None>
  </ItemGroup>
</Project>